
Microsoft Visual Studio Solution File, Format Version 12.00
# Visual Studio Version 17
VisualStudioVersion = 17.7.34018.315
MinimumVisualStudioVersion = 10.0.40219.1
Project("{FAE04EC0-301F-11D3-BF4B-00C04F79EFBC}") = "Inlämnignuppgift 4.1", "Inlämnignuppgift 4.1\Inlämnignuppgift 4.1.csproj", "{EF721E88-F1D3-48F3-9D53-7BE64B4003DD}"
EndProject
Global
	GlobalSection(SolutionConfigurationPlatforms) = preSolution
		Debug|Any CPU = Debug|Any CPU
		Release|Any CPU = Release|Any CPU
	EndGlobalSection
	GlobalSection(ProjectConfigurationPlatforms) = postSolution
		{EF721E88-F1D3-48F3-9D53-7BE64B4003DD}.Debug|Any CPU.ActiveCfg = Debug|Any CPU
		{EF721E88-F1D3-48F3-9D53-7BE64B4003DD}.Debug|Any CPU.Build.0 = Debug|Any CPU
		{EF721E88-F1D3-48F3-9D53-7BE64B4003DD}.Release|Any CPU.ActiveCfg = Release|Any CPU
		{EF721E88-F1D3-48F3-9D53-7BE64B4003DD}.Release|Any CPU.Build.0 = Release|Any CPU
	EndGlobalSection
	GlobalSection(SolutionProperties) = preSolution
		HideSolutionNode = FALSE
	EndGlobalSection
	GlobalSection(ExtensibilityGlobals) = postSolution
		SolutionGuid = {9A883D1F-D9C8-4533-A5F0-7031FBC5C061}
	EndGlobalSection
EndGlobal
